
Microsoft Visual Studio Solution File, Format Version 12.00
# Visual Studio Version 16
VisualStudioVersion = 16.0.29418.71
MinimumVisualStudioVersion = 10.0.40219.1
Project("{FAE04EC0-301F-11D3-BF4B-00C04F79EFBC}") = "CoreCodedChatbot.Client", "CoreCodedChatbot.Client\CoreCodedChatbot.Client.csproj", "{7AB466DC-6A18-4509-9FC6-D1C34920645A}"
EndProject
Global
	GlobalSection(SolutionConfigurationPlatforms) = preSolution
		Debug|Any CPU = Debug|Any CPU
		Release|Any CPU = Release|Any CPU
	EndGlobalSection
	GlobalSection(ProjectConfigurationPlatforms) = postSolution
		{7AB466DC-6A18-4509-9FC6-D1C34920645A}.Debug|Any CPU.ActiveCfg = Debug|Any CPU
		{7AB466DC-6A18-4509-9FC6-D1C34920645A}.Debug|Any CPU.Build.0 = Debug|Any CPU
		{7AB466DC-6A18-4509-9FC6-D1C34920645A}.Release|Any CPU.ActiveCfg = Release|Any CPU
		{7AB466DC-6A18-4509-9FC6-D1C34920645A}.Release|Any CPU.Build.0 = Release|Any CPU
	EndGlobalSection
	GlobalSection(SolutionProperties) = preSolution
		HideSolutionNode = FALSE
	EndGlobalSection
	GlobalSection(ExtensibilityGlobals) = postSolution
		SolutionGuid = {0DDA347A-92F3-45A8-917D-2F55D3809E49}
	EndGlobalSection
EndGlobal
